
Microsoft Visual Studio Solution File, Format Version 12.00
Project("{FAE04EC0-301F-11D3-BF4B-00C04F79EFBC}") = "oop-assignment-1-2025-77750", "oop-assignment-1-2025-77750\oop-assignment-1-2025-77750.csproj", "{4052D74A-BF1F-445B-AF54-9F6025711253}"
EndProject
Global
	GlobalSection(SolutionConfigurationPlatforms) = preSolution
		Debug|Any CPU = Debug|Any CPU
		Release|Any CPU = Release|Any CPU
	EndGlobalSection
	GlobalSection(ProjectConfigurationPlatforms) = postSolution
		{4052D74A-BF1F-445B-AF54-9F6025711253}.Debug|Any CPU.ActiveCfg = Debug|Any CPU
		{4052D74A-BF1F-445B-AF54-9F6025711253}.Debug|Any CPU.Build.0 = Debug|Any CPU
		{4052D74A-BF1F-445B-AF54-9F6025711253}.Release|Any CPU.ActiveCfg = Release|Any CPU
		{4052D74A-BF1F-445B-AF54-9F6025711253}.Release|Any CPU.Build.0 = Release|Any CPU
	EndGlobalSection
EndGlobal
